
Microsoft Visual Studio Solution File, Format Version 12.00
# Visual Studio 15
VisualStudioVersion = 15.0.28307.168
MinimumVisualStudioVersion = 10.0.40219.1
Project("{FAE04EC0-301F-11D3-BF4B-00C04F79EFBC}") = "WpfAppHelloWorld", "WpfAppHelloWorld\WpfAppHelloWorld.csproj", "{D6B7ACCA-7E22-4B66-A747-E1EEC8BAC029}"
EndProject
Global
	GlobalSection(SolutionConfigurationPlatforms) = preSolution
		Debug|Any CPU = Debug|Any CPU
		Release|Any CPU = Release|Any CPU
	EndGlobalSection
	GlobalSection(ProjectConfigurationPlatforms) = postSolution
		{D6B7ACCA-7E22-4B66-A747-E1EEC8BAC029}.Debug|Any CPU.ActiveCfg = Debug|Any CPU
		{D6B7ACCA-7E22-4B66-A747-E1EEC8BAC029}.Debug|Any CPU.Build.0 = Debug|Any CPU
		{D6B7ACCA-7E22-4B66-A747-E1EEC8BAC029}.Release|Any CPU.ActiveCfg = Release|Any CPU
		{D6B7ACCA-7E22-4B66-A747-E1EEC8BAC029}.Release|Any CPU.Build.0 = Release|Any CPU
	EndGlobalSection
	GlobalSection(SolutionProperties) = preSolution
		HideSolutionNode = FALSE
	EndGlobalSection
	GlobalSection(ExtensibilityGlobals) = postSolution
		SolutionGuid = {B7D9EE77-43AA-443A-B3BC-C9235E4404F2}
	EndGlobalSection
EndGlobal
